schema: '2.0'
stages:
  setup:
    cmd: python -m export
    deps:
    - path: activations.py
      hash: md5
      md5: 28246c1ccb588272fad4f8fd0be6913f
      size: 31671
    - path: export.py
      hash: md5
      md5: 317278da6f0e8c7e362cf0523395609d
      size: 3275
    - path: utils.py
      hash: md5
      md5: f84dabfd10a04e1bb70b41d6be638042
      size: 381
    params:
      params.yaml:
        calibration_passes: 8192
        export:
          opset_version: 14
          do_constant_folding: true
        model:
          activation: exp
          input_bits: 8
          bits: 8
        range:
        - -10
        - 10
        seed: 12
        shape:
        - 4096
    outs:
    - path: inp.npy
      hash: md5
      md5: f1ed8d4a25875d440da47fa480f84ebf
      size: 16512
    - path: model.onnx
      hash: md5
      md5: 497df4d9c9dc9e779d4609b3d82e98f5
      size: 1086
    - path: out.npy
      hash: md5
      md5: 6637aac2f1e6ac15b48df0df1a505819
      size: 16512
  build:
    cmd: bash run.sh '$FINN/run-docker.sh build_custom $(pwd)'
    deps:
    - path: build.py
      hash: md5
      md5: 5ae5282fab458caf50e86d52d616c6bf
      size: 5973
    - path: build_steps.py
      hash: md5
      md5: 090af10b89eeb06baccd146058fb910e
      size: 21130
    - path: inp.npy
      hash: md5
      md5: f1ed8d4a25875d440da47fa480f84ebf
      size: 16512
    - path: model.onnx
      hash: md5
      md5: 497df4d9c9dc9e779d4609b3d82e98f5
      size: 1086
    - path: noctua.sh
      hash: md5
      md5: f3e8cc342b63cddcd2e07bfe63f6518c
      size: 1832
    - path: out.npy
      hash: md5
      md5: 6637aac2f1e6ac15b48df0df1a505819
      size: 16512
    - path: quant_activation_to_multithreshold.py
      hash: md5
      md5: b905a295410fec382f8460f9853acc7d
      size: 23082
    - path: run.sh
      hash: md5
      md5: 6e3e34149c16795c5a8424a51bdbf5f8
      size: 1616
    - path: utils.py
      hash: md5
      md5: f84dabfd10a04e1bb70b41d6be638042
      size: 381
    params:
      params.yaml:
        build:
          output_dir: build
          stitched_ip_gen_dcp: false
          synth_clk_period_ns: 10.0
          board: RFSoC2x2
          shell_flow_type: vivado_zynq
          folding_config_file: folding.json
          specialize_layers_config_file: specialize_layers.json
          standalone_thresholds: true
          max_multithreshold_bit_width: 16
          mvau_wwidth_max: 2048
          split_large_fifos: true
        seed: 12
        shape:
        - 4096
      folding.json:
        Defaults: {}
      specialize_layers.json:
        '':
          preferred_impl_style: ''
        Defaults:
          preferred_impl_style:
          - rtl
          - - Thresholding
    outs:
    - path: build/
      hash: md5
      md5: e5d4b7a8a1d869f3b61d66631bb78dca.dir
      size: 204553013
      nfiles: 132
  verify:
    cmd: python -m verify
    deps:
    - path: build/verification_output/
      hash: md5
      md5: eb5e520487f18157083b9a356e6db17c.dir
      size: 82560
      nfiles: 5
    - path: verify.py
      hash: md5
      md5: 2cbebda1e941ed0be91b40ea513c8b8d
      size: 971
    params:
      params.yaml:
        build.output_dir: build
    outs:
    - path: verification.yaml
      hash: md5
      md5: 5224a3f087dfdd2bec5b236e4205ac3c
      size: 22
  metrics:
    cmd: python -m metrics
    deps:
    - path: build/
      hash: md5
      md5: e5d4b7a8a1d869f3b61d66631bb78dca.dir
      size: 204553013
      nfiles: 132
    - path: build/report/post_synth_resources.json
      hash: md5
      md5: 7fcd1e1866fd3f521ee489d9bb968807
      size: 987
    - path: metrics.py
      hash: md5
      md5: 027dcb70a77c34f84948bc3d5ee2107f
      size: 932
    params:
      params.yaml:
        build.output_dir: build
        metrics:
          report: build/report/post_synth_resources.json
          filter: (top)
    outs:
    - path: metrics.yaml
      hash: md5
      md5: b033a6580f97c42d1c036921d8efa3c3
      size: 70
