schema: '2.0'
stages:
  setup:
    cmd: python -m export
    deps:
    - path: activations.py
      hash: md5
      md5: bcf513ff0887998f933d0bd60dc4eadd
      size: 32641
    - path: export.py
      hash: md5
      md5: 8c85819137216c717ed0b988507c951b
      size: 9603
    - path: utils.py
      hash: md5
      md5: f84dabfd10a04e1bb70b41d6be638042
      size: 381
    params:
      params.yaml:
        calibration_passes: 2048
        export:
          opset_version: 14
          do_constant_folding: true
        model:
          activation: relu
          pattern: x
          input_bits: 8
          bits: 4
          restrict_scaling_type: POWER_OF_TWO
          narrow_range: false
          activation_kwargs: {}
          affine:
            per_channel: false
            range:
            - 0.5
            - 8
            cdim: 1
        range:
        - -10
        - 10
        seed: 345
        shape:
        - 256
    outs:
    - path: inp.npy
      hash: md5
      md5: 9ca5bc6e474ebac5e7e38733874f82e7
      size: 1152
    - path: model.onnx
      hash: md5
      md5: 3646b0360e7d7a6bd28a8244863f47d6
      size: 2291
    - path: out.npy
      hash: md5
      md5: 6ba366729e5664ef88d446dedd9bfa75
      size: 1152
  build:
    cmd: bash run.sh '$FINN/run-docker.sh build_custom $(pwd)'
    deps:
    - path: build.py
      hash: md5
      md5: f3292134d6c21fd97f3ea0fc208ee6ea
      size: 7208
    - path: build_steps.py
      hash: md5
      md5: 30960e405af4345972f4642bf3cc7652
      size: 24597
    - path: custom/apply_config.py
      hash: md5
      md5: 4c907c16f9d3e2f5377e36f153af40b8
      size: 2360
    - path: custom/ints.py
      hash: md5
      md5: 8aaa9c3080c0cd2232d0de24fdcb2f74
      size: 2502
    - path: inp.npy
      hash: md5
      md5: 9ca5bc6e474ebac5e7e38733874f82e7
      size: 1152
    - path: model.onnx
      hash: md5
      md5: 3646b0360e7d7a6bd28a8244863f47d6
      size: 2291
    - path: noctua.sh
      hash: md5
      md5: f3e8cc342b63cddcd2e07bfe63f6518c
      size: 1832
    - path: out.npy
      hash: md5
      md5: 6ba366729e5664ef88d446dedd9bfa75
      size: 1152
    - path: quant_to_multithreshold.py
      hash: md5
      md5: d3ebd3a014daff495169fcd3e71c3df5
      size: 38797
    - path: run.sh
      hash: md5
      md5: 6e3e34149c16795c5a8424a51bdbf5f8
      size: 1616
    - path: utils.py
      hash: md5
      md5: f84dabfd10a04e1bb70b41d6be638042
      size: 381
    params:
      params.yaml:
        build:
          output_dir: build
          stitched_ip_gen_dcp: true
          synth_clk_period_ns: 10.0
          board: RFSoC2x2
          shell_flow_type: vivado_zynq
          folding_config_file: folding.yaml
          specialize_layers_config_file: specialize_layers.json
          standalone_thresholds: true
          max_multithreshold_bit_width: 16
          mvau_wwidth_max: 2048
          split_large_fifos: true
          minimize_bit_width: true
          fixedpt_config: fixed_point.yaml
        prepare:
          streamline: true
          thresholds: false
          rescale: 0.01
        range:
        - -10
        - 10
        seed: 345
        shape:
        - 256
      fixed_point.yaml:
        Add_0_param0: FIXED<32,16>
        Mul_1_param0: FIXED<32,16>
        Mul_2_param0: FIXED<32,16>
      folding.yaml:
        defaults:
          Thresholding_hls:
            mem_mode: internal_decoupled
            ram_style: distributed
            runtime_writeable_weights: 0
            PE: 4
          Thresholding_rtl:
            depth_trigger_uram: 2147483647
            depth_trigger_bram: 2147483647
            runtime_writeable_weights: 0
            ram_style_fallback: distributed
            PE: 4
          StreamingFIFO_rtl:
            impl_style: rtl
            ram_style: distributed
          ElementwiseAdd_hls:
            ram_style: distributed
            res_type: lut
            PE: 4
          ElementwiseMul_hls:
            ram_style: distributed
            res_type: lut
            PE: 4
          ElementwiseMinimum_hls:
            ram_style: distributed
            PE: 4
          ElementwiseMaximum_hls:
            ram_style: distributed
            PE: 4
          ElementwiseFloat2Int_hls:
            PE: 4
          ElementwiseFloatCast_hls:
            PE: 4
      specialize_layers.json:
        '':
          preferred_impl_style: ''
        Defaults:
          preferred_impl_style:
          - rtl
          - - Thresholding
    outs:
    - path: build/
      hash: md5
      md5: b662b37a4c032af25b93a2a58fbe52d5.dir
      size: 84621882
      nfiles: 513
  verify:
    cmd: python -m verify
    deps:
    - path: build/verification_output/
      hash: md5
      md5: 543759428adcaf4606c8d268c29ee341.dir
      size: 121002
      nfiles: 7
    - path: verify.py
      hash: md5
      md5: 8409058d5f5e77226742b60045dc6745
      size: 969
    params:
      params.yaml:
        build.output_dir: build
    outs:
    - path: verification.yaml
      hash: md5
      md5: 5224a3f087dfdd2bec5b236e4205ac3c
      size: 22
  metrics:
    cmd: "# Copy metrics out of the build directory\ncp build/report/estimate_network_performance.json
      .\ncp build/report/rtlsim_performance.json .\n# Run python script for aggregating
      from the build/report/post_synth_resources_dcp.json file\npython -m metrics\n"
    deps:
    - path: build/
      hash: md5
      md5: b662b37a4c032af25b93a2a58fbe52d5.dir
      size: 84621882
      nfiles: 513
    - path: build/report/post_synth_resources_dcp.json
      hash: md5
      md5: 9472a7cd55db7196e70026655c8f8c81
      size: 1717
    - path: metrics.py
      hash: md5
      md5: 27f0b125aa2cb7f16e96063778b3f888
      size: 1707
    params:
      params.yaml:
        build.output_dir: build
        metrics:
          report: build/report/post_synth_resources_dcp.json
          filter: (top)
          breakdown:
            MAC: MV|VV
            Elementwise: Elementwise
            Thresholding: Thresholding
            FIFO: StreamingFIFO
            DWC: DataWidthConverter
            SWG: ConvolutionInputGenerator
    outs:
    - path: breakdown.yaml
      hash: md5
      md5: df2bab668d3c627d64165ffa99d63795
      size: 563
    - path: estimate_network_performance.json
      hash: md5
      md5: 0a7dde4088108799ad20aa41efd4c1a8
      size: 178
    - path: metrics.yaml
      hash: md5
      md5: 6003d9455ef1ab2bdcf1eb91845c43d3
      size: 65
    - path: rtlsim_performance.json
      hash: md5
      md5: 7b63a19be6c3619e508c475c10f96ab5
      size: 358
