schema: '2.0'
stages:
  setup:
    cmd: python -m export
    deps:
    - path: activations.py
      hash: md5
      md5: bcf513ff0887998f933d0bd60dc4eadd
      size: 32641
    - path: export.py
      hash: md5
      md5: 9810529d55511c62c8f8eed8f7299b99
      size: 8534
    - path: utils.py
      hash: md5
      md5: f84dabfd10a04e1bb70b41d6be638042
      size: 381
    params:
      params.yaml:
        calibration_passes: 2048
        export:
          opset_version: 14
          do_constant_folding: true
        model:
          activation: relu
          pattern: x
          input_bits: 32
          bits: 2
          restrict_scaling_type: POWER_OF_TWO
          narrow_range: false
          activation_kwargs: {}
          affine:
            power_of_two: true
            per_channel: true
            range:
            - 1
            - 4
            cdim: 1
        range:
        - -10
        - 10
        seed: 657
        shape:
        - 128
    outs:
    - path: inp.npy
      hash: md5
      md5: bfbfe371efe28f69e8420a0ac2132cd8
      size: 640
    - path: model.onnx
      hash: md5
      md5: 1c7129ad0c1269279cb81b57896b9a30
      size: 3382
    - path: out.npy
      hash: md5
      md5: b0a65755bda7a37408d1aacd40723b6b
      size: 640
  build:
    cmd: bash run.sh '$FINN/run-docker.sh build_custom $(pwd)'
    deps:
    - path: build.py
      hash: md5
      md5: bbe265ebbcc89ab78fee821460661384
      size: 6548
    - path: build_steps.py
      hash: md5
      md5: dfaf86f44bedea61d57fcfe5913bbd08
      size: 20849
    - path: custom/apply_config.py
      hash: md5
      md5: 4c907c16f9d3e2f5377e36f153af40b8
      size: 2360
    - path: inp.npy
      hash: md5
      md5: bfbfe371efe28f69e8420a0ac2132cd8
      size: 640
    - path: model.onnx
      hash: md5
      md5: 1c7129ad0c1269279cb81b57896b9a30
      size: 3382
    - path: noctua.sh
      hash: md5
      md5: f3e8cc342b63cddcd2e07bfe63f6518c
      size: 1832
    - path: out.npy
      hash: md5
      md5: b0a65755bda7a37408d1aacd40723b6b
      size: 640
    - path: quant_to_multithreshold.py
      hash: md5
      md5: 21d5fde072409c2aac4135001f653481
      size: 28977
    - path: run.sh
      hash: md5
      md5: 6e3e34149c16795c5a8424a51bdbf5f8
      size: 1616
    - path: utils.py
      hash: md5
      md5: f84dabfd10a04e1bb70b41d6be638042
      size: 381
    params:
      params.yaml:
        build:
          output_dir: build
          stitched_ip_gen_dcp: false
          synth_clk_period_ns: 10.0
          board: RFSoC2x2
          shell_flow_type: vivado_zynq
          folding_config_file: folding.yaml
          specialize_layers_config_file: specialize_layers.json
          standalone_thresholds: true
          max_multithreshold_bit_width: 16
          mvau_wwidth_max: 2048
          split_large_fifos: true
          minimize_bit_width: true
        prepare:
          streamline: true
          thresholds: false
          rescale: 0.03125
        seed: 657
        shape:
        - 128
      folding.yaml:
        defaults:
          Thresholding_hls:
            mem_mode: internal_decoupled
            ram_style: distributed
            runtime_writeable_weights: 0
          Thresholding_rtl:
            depth_trigger_uram: 2147483647
            depth_trigger_bram: 2147483647
            runtime_writeable_weights: 0
          StreamingFIFO_rtl:
            impl_style: rtl
            ram_style: distributed
          ElementwiseAdd_hls:
            ram_style: distributed
          ElementwiseMul_hls:
            ram_style: distributed
          ElementwiseMinimum_hls:
            ram_style: distributed
          ElementwiseMaximum_hls:
            ram_style: distributed
      specialize_layers.json:
        '':
          preferred_impl_style: ''
        Defaults:
          preferred_impl_style:
          - rtl
          - - Thresholding
    outs:
    - path: build/
      hash: md5
      md5: c2ac9c59ca311a169002bfb7a98b84e1.dir
      size: 81066796
      nfiles: 294
  verify:
    cmd: python -m verify
    deps:
    - path: build/verification_output/
      hash: md5
      md5: be58eda1b1d0867240c415875c5b1909.dir
      size: 100350
      nfiles: 8
    - path: verify.py
      hash: md5
      md5: 2cbebda1e941ed0be91b40ea513c8b8d
      size: 971
    params:
      params.yaml:
        build.output_dir: build
    outs:
    - path: verification.yaml
      hash: md5
      md5: 5224a3f087dfdd2bec5b236e4205ac3c
      size: 22
  metrics:
    cmd: python -m metrics
    deps:
    - path: build/
      hash: md5
      md5: c2ac9c59ca311a169002bfb7a98b84e1.dir
      size: 81066796
      nfiles: 294
    - path: build/report/post_synth_resources.json
      hash: md5
      md5: 670c20b64b214fc19aba4a1321b039aa
      size: 3059
    - path: metrics.py
      hash: md5
      md5: 0b9fed96ceef46e1e5d246fc86971aab
      size: 1706
    params:
      params.yaml:
        build.output_dir: build
        metrics:
          report: build/report/post_synth_resources.json
          filter: (top)
          breakdown:
            MAC: MV|VV
            Elementwise: Elementwise
            Thresholding: Thresholding
            FIFO: StreamingFIFO
            DWC: DataWidthConverter
            SWG: ConvolutionInputGenerator
    outs:
    - path: breakdown.yaml
      hash: md5
      md5: 6dc70fb6a0c4372180bf788b4b1e1eae
      size: 564
    - path: metrics.yaml
      hash: md5
      md5: 19c798455f8128a8dbcd1eb9b0801e7b
      size: 70
